
Microsoft Visual Studio Solution File, Format Version 12.00
# Visual Studio Version 16
VisualStudioVersion = 16.0.30621.155
MinimumVisualStudioVersion = 10.0.40219.1
Project("{FAE04EC0-301F-11D3-BF4B-00C04F79EFBC}") = "Femilift", "Femilift.csproj", "{900D5A2B-FE5C-4CF8-9C6A-88A3F0A70AEC}"
EndProject
Global
	GlobalSection(SolutionConfigurationPlatforms) = preSolution
		Debug|Any CPU = Debug|Any CPU
		Release|Any CPU = Release|Any CPU
	EndGlobalSection
	GlobalSection(ProjectConfigurationPlatforms) = postSolution
		{900D5A2B-FE5C-4CF8-9C6A-88A3F0A70AEC}.Debug|Any CPU.ActiveCfg = Debug|Any CPU
		{900D5A2B-FE5C-4CF8-9C6A-88A3F0A70AEC}.Debug|Any CPU.Build.0 = Debug|Any CPU
		{900D5A2B-FE5C-4CF8-9C6A-88A3F0A70AEC}.Release|Any CPU.ActiveCfg = Release|Any CPU
		{900D5A2B-FE5C-4CF8-9C6A-88A3F0A70AEC}.Release|Any CPU.Build.0 = Release|Any CPU
	EndGlobalSection
	GlobalSection(SolutionProperties) = preSolution
		HideSolutionNode = FALSE
	EndGlobalSection
	GlobalSection(ExtensibilityGlobals) = postSolution
		SolutionGuid = {54F5CCF4-D713-4104-A841-5314248F273F}
	EndGlobalSection
EndGlobal
